# This file is automatically @generated by Cargo.
# It is not intended for manual editing.
version = 4

[[package]]
name = "pcg32"
version = "0.1.3"
dependencies = [
 "rand_pcg",
]

[[package]]
name = "rand_core"
version = "0.10.0"
source = "registry+https://github.com/rust-lang/crates.io-index"
checksum = "0c8d0fd677905edcbeedbf2edb6494d676f0e98d54d5cf9bda0b061cb8fb8aba"

[[package]]
name = "rand_pcg"
version = "0.10.1"
source = "registry+https://github.com/rust-lang/crates.io-index"
checksum = "2a36dd10a879f5c16e363eed24471b321b114ce3112c2d5d8df06545fcf48152"
dependencies = [
 "rand_core",
]
