# This file is automatically @generated by Cargo.
# It is not intended for manual editing.
version = 4

[[package]]
name = "pcg32"
version = "0.1.2"
dependencies = [
 "rand_pcg",
]

[[package]]
name = "rand_core"
version = "0.9.3"
source = "registry+https://github.com/rust-lang/crates.io-index"
checksum = "99d9a13982dcf210057a8a78572b2217b667c3beacbf3a0d8b454f6f82837d38"

[[package]]
name = "rand_pcg"
version = "0.9.0"
source = "registry+https://github.com/rust-lang/crates.io-index"
checksum = "b48ac3f7ffaab7fac4d2376632268aa5f89abdb55f7ebf8f4d11fffccb2320f7"
dependencies = [
 "rand_core",
]
